
Microsoft Visual Studio Solution File, Format Version 12.00
# Visual Studio Version 17
VisualStudioVersion = 17.1.32228.430
MinimumVisualStudioVersion = 10.0.40219.1
Project("{9A19103F-16F7-4668-BE54-9A1E7A4F7556}") = "appDownload", "Diego\appDownload.csproj", "{16BDC77A-9224-4F2B-96A4-2F6E8A15C08C}"
EndProject
Global
	GlobalSection(SolutionConfigurationPlatforms) = preSolution
		Debug|Any CPU = Debug|Any CPU
		Release|Any CPU = Release|Any CPU
	EndGlobalSection
	GlobalSection(ProjectConfigurationPlatforms) = postSolution
		{16BDC77A-9224-4F2B-96A4-2F6E8A15C08C}.Debug|Any CPU.ActiveCfg = Debug|Any CPU
		{16BDC77A-9224-4F2B-96A4-2F6E8A15C08C}.Debug|Any CPU.Build.0 = Debug|Any CPU
		{16BDC77A-9224-4F2B-96A4-2F6E8A15C08C}.Release|Any CPU.ActiveCfg = Release|Any CPU
		{16BDC77A-9224-4F2B-96A4-2F6E8A15C08C}.Release|Any CPU.Build.0 = Release|Any CPU
	EndGlobalSection
	GlobalSection(SolutionProperties) = preSolution
		HideSolutionNode = FALSE
	EndGlobalSection
	GlobalSection(ExtensibilityGlobals) = postSolution
		SolutionGuid = {BAA68993-8D8D-4D93-A72E-C87AF4FDBEB6}
	EndGlobalSection
EndGlobal
